
Microsoft Visual Studio Solution File, Format Version 11.00
# Visual Studio 2010
Project("{FAE04EC0-301F-11D3-BF4B-00C04F79EFBC}") = "GetCreditScore", "GetCreditScore\GetCreditScore.csproj", "{5FAE1246-E0F6-40A0-9DBC-1FFE15F0D7E3}"
EndProject
Project("{FAE04EC0-301F-11D3-BF4B-00C04F79EFBC}") = "Common", "Common\Common.csproj", "{CB14AB71-11F1-4629-A449-BA069164A95A}"
EndProject
Project("{FAE04EC0-301F-11D3-BF4B-00C04F79EFBC}") = "LoanRequestCreator", "LoanRequestCreator\LoanRequestCreator\LoanRequestCreator.csproj", "{396E1A1B-40AD-44ED-AFF9-1275C93C9371}"
EndProject
Project("{FAE04EC0-301F-11D3-BF4B-00C04F79EFBC}") = "GetBanks", "GetBanks\GetBanks.csproj", "{74ED4FE5-8CA9-4283-A91C-F9D7DCFFC364}"
EndProject
Global
	GlobalSection(SolutionConfigurationPlatforms) = preSolution
		Debug|x86 = Debug|x86
		Release|x86 = Release|x86
	EndGlobalSection
	GlobalSection(ProjectConfigurationPlatforms) = postSolution
		{5FAE1246-E0F6-40A0-9DBC-1FFE15F0D7E3}.Debug|x86.ActiveCfg = Debug|x86
		{5FAE1246-E0F6-40A0-9DBC-1FFE15F0D7E3}.Debug|x86.Build.0 = Debug|x86
		{5FAE1246-E0F6-40A0-9DBC-1FFE15F0D7E3}.Release|x86.ActiveCfg = Release|x86
		{5FAE1246-E0F6-40A0-9DBC-1FFE15F0D7E3}.Release|x86.Build.0 = Release|x86
		{CB14AB71-11F1-4629-A449-BA069164A95A}.Debug|x86.ActiveCfg = Debug|x86
		{CB14AB71-11F1-4629-A449-BA069164A95A}.Debug|x86.Build.0 = Debug|x86
		{CB14AB71-11F1-4629-A449-BA069164A95A}.Release|x86.ActiveCfg = Release|x86
		{CB14AB71-11F1-4629-A449-BA069164A95A}.Release|x86.Build.0 = Release|x86
		{396E1A1B-40AD-44ED-AFF9-1275C93C9371}.Debug|x86.ActiveCfg = Debug|x86
		{396E1A1B-40AD-44ED-AFF9-1275C93C9371}.Debug|x86.Build.0 = Debug|x86
		{396E1A1B-40AD-44ED-AFF9-1275C93C9371}.Release|x86.ActiveCfg = Release|x86
		{396E1A1B-40AD-44ED-AFF9-1275C93C9371}.Release|x86.Build.0 = Release|x86
		{74ED4FE5-8CA9-4283-A91C-F9D7DCFFC364}.Debug|x86.ActiveCfg = Debug|x86
		{74ED4FE5-8CA9-4283-A91C-F9D7DCFFC364}.Debug|x86.Build.0 = Debug|x86
		{74ED4FE5-8CA9-4283-A91C-F9D7DCFFC364}.Release|x86.ActiveCfg = Release|x86
		{74ED4FE5-8CA9-4283-A91C-F9D7DCFFC364}.Release|x86.Build.0 = Release|x86
	EndGlobalSection
	GlobalSection(SolutionProperties) = preSolution
		HideSolutionNode = FALSE
	EndGlobalSection
EndGlobal
